
Microsoft Visual Studio Solution File, Format Version 12.00
# Visual Studio Version 16
VisualStudioVersion = 16.0.29728.190
MinimumVisualStudioVersion = 10.0.40219.1
Project("{FAE04EC0-301F-11D3-BF4B-00C04F79EFBC}") = "BulkyBook", "BulkyBook\BulkyBook.csproj", "{FD5F917D-1E60-46D7-A38C-F31F2525534F}"
EndProject
Global
	GlobalSection(SolutionConfigurationPlatforms) = preSolution
		Debug|Any CPU = Debug|Any CPU
		Release|Any CPU = Release|Any CPU
	EndGlobalSection
	GlobalSection(ProjectConfigurationPlatforms) = postSolution
		{FD5F917D-1E60-46D7-A38C-F31F2525534F}.Debug|Any CPU.ActiveCfg = Debug|Any CPU
		{FD5F917D-1E60-46D7-A38C-F31F2525534F}.Debug|Any CPU.Build.0 = Debug|Any CPU
		{FD5F917D-1E60-46D7-A38C-F31F2525534F}.Release|Any CPU.ActiveCfg = Release|Any CPU
		{FD5F917D-1E60-46D7-A38C-F31F2525534F}.Release|Any CPU.Build.0 = Release|Any CPU
	EndGlobalSection
	GlobalSection(SolutionProperties) = preSolution
		HideSolutionNode = FALSE
	EndGlobalSection
	GlobalSection(ExtensibilityGlobals) = postSolution
		SolutionGuid = {65C1EE36-F7EE-4AAD-A9F2-E4D9E0EFA5C0}
	EndGlobalSection
EndGlobal
